
Microsoft Visual Studio Solution File, Format Version 12.00
# Visual Studio Version 16
VisualStudioVersion = 16.0.30002.166
MinimumVisualStudioVersion = 10.0.40219.1
Project("{9A19103F-16F7-4668-BE54-9A1E7A4F7556}") = "Purchase.WebApi", "Purchase.WebApi\Purchase.WebApi.csproj", "{D6666152-9B01-47B3-B9E1-7183889FD9F3}"
EndProject
Project("{9A19103F-16F7-4668-BE54-9A1E7A4F7556}") = "Purchase.Core", "Purchase.Core\Purchase.Core.csproj", "{5A8BCB65-3667-489E-9D31-693951AD5642}"
EndProject
Global
	GlobalSection(SolutionConfigurationPlatforms) = preSolution
		Debug|Any CPU = Debug|Any CPU
		Release|Any CPU = Release|Any CPU
	EndGlobalSection
	GlobalSection(ProjectConfigurationPlatforms) = postSolution
		{D6666152-9B01-47B3-B9E1-7183889FD9F3}.Debug|Any CPU.ActiveCfg = Debug|Any CPU
		{D6666152-9B01-47B3-B9E1-7183889FD9F3}.Debug|Any CPU.Build.0 = Debug|Any CPU
		{D6666152-9B01-47B3-B9E1-7183889FD9F3}.Release|Any CPU.ActiveCfg = Release|Any CPU
		{D6666152-9B01-47B3-B9E1-7183889FD9F3}.Release|Any CPU.Build.0 = Release|Any CPU
		{5A8BCB65-3667-489E-9D31-693951AD5642}.Debug|Any CPU.ActiveCfg = Debug|Any CPU
		{5A8BCB65-3667-489E-9D31-693951AD5642}.Debug|Any CPU.Build.0 = Debug|Any CPU
		{5A8BCB65-3667-489E-9D31-693951AD5642}.Release|Any CPU.ActiveCfg = Release|Any CPU
		{5A8BCB65-3667-489E-9D31-693951AD5642}.Release|Any CPU.Build.0 = Release|Any CPU
	EndGlobalSection
	GlobalSection(SolutionProperties) = preSolution
		HideSolutionNode = FALSE
	EndGlobalSection
	GlobalSection(ExtensibilityGlobals) = postSolution
		SolutionGuid = {0038BF24-392A-44A7-93C3-8F516116C9B5}
	EndGlobalSection
EndGlobal
